lockfileVersion: '9.0'

settings:
  autoInstallPeers: true
  excludeLinksFromLockfile: false

importers:

  .:
    dependencies:
      partysocket:
        specifier: ^1.0.2
        version: 1.0.2

packages:

  event-target-shim@6.0.2:
    resolution: {integrity: sha512-8q3LsZjRezbFZ2PN+uP+Q7pnHUMmAOziU2vA2OwoFaKIXxlxl38IylhSSgUorWu/rf4er67w0ikBqjBFk/pomA==}
    engines: {node: '>=10.13.0'}

  partysocket@1.0.2:
    resolution: {integrity: sha512-rAFOUKImaq+VBk2B+2RTBsWEvlnarEP53nchoUHzpVs8V6fG2/estihOTslTQUWHVuHEKDL5k8htG8K3TngyFA==}

snapshots:

  event-target-shim@6.0.2: {}

  partysocket@1.0.2:
    dependencies:
      event-target-shim: 6.0.2
